
Microsoft Visual Studio Solution File, Format Version 12.00
# Visual Studio Version 16
VisualStudioVersion = 16.0.31515.178
MinimumVisualStudioVersion = 10.0.40219.1
Project("{FAE04EC0-301F-11D3-BF4B-00C04F79EFBC}") = "CountDiary", "CountDiary\CountDiary.csproj", "{23358F13-988A-462E-961F-761B835EC446}"
EndProject
Global
	GlobalSection(SolutionConfigurationPlatforms) = preSolution
		Debug|Any CPU = Debug|Any CPU
		Release|Any CPU = Release|Any CPU
	EndGlobalSection
	GlobalSection(ProjectConfigurationPlatforms) = postSolution
		{23358F13-988A-462E-961F-761B835EC446}.Debug|Any CPU.ActiveCfg = Debug|Any CPU
		{23358F13-988A-462E-961F-761B835EC446}.Debug|Any CPU.Build.0 = Debug|Any CPU
		{23358F13-988A-462E-961F-761B835EC446}.Release|Any CPU.ActiveCfg = Release|Any CPU
		{23358F13-988A-462E-961F-761B835EC446}.Release|Any CPU.Build.0 = Release|Any CPU
	EndGlobalSection
	GlobalSection(SolutionProperties) = preSolution
		HideSolutionNode = FALSE
	EndGlobalSection
	GlobalSection(ExtensibilityGlobals) = postSolution
		SolutionGuid = {BC2C85BB-8EBF-4C1B-A1D9-E56776151355}
	EndGlobalSection
EndGlobal
